
Microsoft Visual Studio Solution File, Format Version 12.00
# Visual Studio Version 17
VisualStudioVersion = 17.14.36518.9
MinimumVisualStudioVersion = 10.0.40219.1
Project("{FAE04EC0-301F-11D3-BF4B-00C04F79EFBC}") = "PeCes.Negocio", "PeCes.Negocio\PeCes.Negocio.csproj", "{E887C983-1BE7-41AD-8768-D17D1B23490D}"
EndProject
Project("{FAE04EC0-301F-11D3-BF4B-00C04F79EFBC}") = "PeCes.Datos", "PeCes.Datos\PeCes.Datos.csproj", "{BC778F81-87BE-4C2A-B946-3928ABF35079}"
EndProject
Project("{FAE04EC0-301F-11D3-BF4B-00C04F79EFBC}") = "PeCes.Web", "PeCes.Web\PeCes.Web.csproj", "{DBD14192-750F-4DF3-8F1D-1724D30EBF6D}"
EndProject
Global
	GlobalSection(SolutionConfigurationPlatforms) = preSolution
		Debug|Any CPU = Debug|Any CPU
		Release|Any CPU = Release|Any CPU
	EndGlobalSection
	GlobalSection(ProjectConfigurationPlatforms) = postSolution
		{E887C983-1BE7-41AD-8768-D17D1B23490D}.Debug|Any CPU.ActiveCfg = Debug|Any CPU
		{E887C983-1BE7-41AD-8768-D17D1B23490D}.Debug|Any CPU.Build.0 = Debug|Any CPU
		{E887C983-1BE7-41AD-8768-D17D1B23490D}.Release|Any CPU.ActiveCfg = Release|Any CPU
		{E887C983-1BE7-41AD-8768-D17D1B23490D}.Release|Any CPU.Build.0 = Release|Any CPU
		{BC778F81-87BE-4C2A-B946-3928ABF35079}.Debug|Any CPU.ActiveCfg = Debug|Any CPU
		{BC778F81-87BE-4C2A-B946-3928ABF35079}.Debug|Any CPU.Build.0 = Debug|Any CPU
		{BC778F81-87BE-4C2A-B946-3928ABF35079}.Release|Any CPU.ActiveCfg = Release|Any CPU
		{BC778F81-87BE-4C2A-B946-3928ABF35079}.Release|Any CPU.Build.0 = Release|Any CPU
		{DBD14192-750F-4DF3-8F1D-1724D30EBF6D}.Debug|Any CPU.ActiveCfg = Debug|Any CPU
		{DBD14192-750F-4DF3-8F1D-1724D30EBF6D}.Debug|Any CPU.Build.0 = Debug|Any CPU
		{DBD14192-750F-4DF3-8F1D-1724D30EBF6D}.Release|Any CPU.ActiveCfg = Release|Any CPU
		{DBD14192-750F-4DF3-8F1D-1724D30EBF6D}.Release|Any CPU.Build.0 = Release|Any CPU
	EndGlobalSection
	GlobalSection(SolutionProperties) = preSolution
		HideSolutionNode = FALSE
	EndGlobalSection
	GlobalSection(ExtensibilityGlobals) = postSolution
		SolutionGuid = {7A44A88B-3231-4FE0-B904-FE96FB392D5E}
	EndGlobalSection
EndGlobal
